{
  "version": "5",
  "redirects": {
    "https://esm.sh/@supabase/supabase-js@2": "https://esm.sh/@supabase/supabase-js@2.112.4"
  },
  "remote": {
    "https://esm.sh/@supabase/supabase-js@2.112.4": "cfaa762b66cf8717f1b32db2699c4277aa673b39417cb9be9c0b19d9c7786bd7"
  },
  "workspace": {
    "packageJson": {
      "dependencies": [
        "npm:@capacitor/android@^8.0.2",
        "npm:@capacitor/app-launcher@^8.0.1",
        "npm:@capacitor/app@8",
        "npm:@capacitor/browser@^8.0.2",
        "npm:@capacitor/cli@^8.0.2",
        "npm:@capacitor/core@^8.0.2",
        "npm:@capacitor/device@^8.0.2",
        "npm:@capacitor/filesystem@^8.1.2",
        "npm:@capacitor/haptics@8",
        "npm:@capacitor/network@8",
        "npm:@capacitor/splash-screen@8",
        "npm:@capacitor/status-bar@8",
        "npm:@eslint/js@^9.39.4",
        "npm:@playwright/test@^1.58.2",
        "npm:@supabase/supabase-js@^2.97.0",
        "npm:@tailwindcss/vite@^4.2.2",
        "npm:@tanstack/query-sync-storage-persister@^5.101.0",
        "npm:@tanstack/react-query-devtools@^5.101.0",
        "npm:@tanstack/react-query-persist-client@^5.101.0",
        "npm:@tanstack/react-query@^5.101.0",
        "npm:@tanstack/react-virtual@^3.14.2",
        "npm:@testing-library/jest-dom@^6.9.1",
        "npm:@types/crypto-js@^4.2.2",
        "npm:@types/node@^20.10.0",
        "npm:@types/react-dom@^18.3.1",
        "npm:@types/react@^18.3.12",
        "npm:@vitejs/plugin-react-swc@^3.10.2",
        "npm:@vitest/ui@^4.1.6",
        "npm:axios@^1.13.5",
        "npm:crypto-js@^4.2.0",
        "npm:eslint-plugin-react-hooks@^7.0.1",
        "npm:eslint-plugin-react@^7.37.5",
        "npm:eslint@^9.39.4",
        "npm:globals@^17.4.0",
        "npm:jsdom@^29.1.1",
        "npm:lucide-react@0.487",
        "npm:motion@^12.34.0",
        "npm:react-dom@^18.3.1",
        "npm:react-markdown@^10.1.0",
        "npm:react@^18.3.1",
        "npm:sonner@^2.0.3",
        "npm:tailwindcss@^4.2.2",
        "npm:ts-node@^10.9.2",
        "npm:typescript-eslint@^8.58.1",
        "npm:typescript@^5.9.3",
        "npm:vite@^6.4.1",
        "npm:vitest@^4.1.6",
        "npm:zustand@^5.0.14"
      ]
    }
  }
}
